
Microsoft Visual Studio Solution File, Format Version 12.00
# Visual Studio 15
VisualStudioVersion = 15.0.26730.15
MinimumVisualStudioVersion = 10.0.40219.1
Project("{888888A0-9F3D-457C-B088-3A5042F75D52}") = "Cwiczenie2", "Cwiczenie2\Cwiczenie2.pyproj", "{3BE77BCD-019C-4A17-BEF6-2B0F01770083}"
EndProject
Global
	GlobalSection(SolutionConfigurationPlatforms) = preSolution
		Debug|Any CPU = Debug|Any CPU
		Release|Any CPU = Release|Any CPU
	EndGlobalSection
	GlobalSection(ProjectConfigurationPlatforms) = postSolution
		{3BE77BCD-019C-4A17-BEF6-2B0F01770083}.Debug|Any CPU.ActiveCfg = Debug|Any CPU
		{3BE77BCD-019C-4A17-BEF6-2B0F01770083}.Release|Any CPU.ActiveCfg = Release|Any CPU
	EndGlobalSection
	GlobalSection(SolutionProperties) = preSolution
		HideSolutionNode = FALSE
	EndGlobalSection
	GlobalSection(ExtensibilityGlobals) = postSolution
		SolutionGuid = {C8A8C0CA-289D-4FDC-8E94-98D6AA6AFBF5}
	EndGlobalSection
EndGlobal
